
Microsoft Visual Studio Solution File, Format Version 12.00
# Visual Studio Version 17
VisualStudioVersion = 17.0.32014.148
MinimumVisualStudioVersion = 10.0.40219.1
Project("{FAE04EC0-301F-11D3-BF4B-00C04F79EFBC}") = "MultiThreaded", "MultiThreaded\MultiThreaded.csproj", "{0816D67B-839F-4DE5-BE67-5238D53B2EE3}"
EndProject
Project("{FAE04EC0-301F-11D3-BF4B-00C04F79EFBC}") = "MultiTask", "MultiTask\MultiTask.csproj", "{6314BC76-8EBB-47C8-953D-89089B362BE1}"
EndProject
Project("{FAE04EC0-301F-11D3-BF4B-00C04F79EFBC}") = "AsyncTest", "AsyncTest\AsyncTest.csproj", "{F82D632E-AD3E-42BA-9377-627F259A85B7}"
EndProject
Global
	GlobalSection(SolutionConfigurationPlatforms) = preSolution
		Debug|Any CPU = Debug|Any CPU
		Release|Any CPU = Release|Any CPU
	EndGlobalSection
	GlobalSection(ProjectConfigurationPlatforms) = postSolution
		{0816D67B-839F-4DE5-BE67-5238D53B2EE3}.Debug|Any CPU.ActiveCfg = Debug|Any CPU
		{0816D67B-839F-4DE5-BE67-5238D53B2EE3}.Debug|Any CPU.Build.0 = Debug|Any CPU
		{0816D67B-839F-4DE5-BE67-5238D53B2EE3}.Release|Any CPU.ActiveCfg = Release|Any CPU
		{0816D67B-839F-4DE5-BE67-5238D53B2EE3}.Release|Any CPU.Build.0 = Release|Any CPU
		{6314BC76-8EBB-47C8-953D-89089B362BE1}.Debug|Any CPU.ActiveCfg = Debug|Any CPU
		{6314BC76-8EBB-47C8-953D-89089B362BE1}.Debug|Any CPU.Build.0 = Debug|Any CPU
		{6314BC76-8EBB-47C8-953D-89089B362BE1}.Release|Any CPU.ActiveCfg = Release|Any CPU
		{6314BC76-8EBB-47C8-953D-89089B362BE1}.Release|Any CPU.Build.0 = Release|Any CPU
		{F82D632E-AD3E-42BA-9377-627F259A85B7}.Debug|Any CPU.ActiveCfg = Debug|Any CPU
		{F82D632E-AD3E-42BA-9377-627F259A85B7}.Debug|Any CPU.Build.0 = Debug|Any CPU
		{F82D632E-AD3E-42BA-9377-627F259A85B7}.Release|Any CPU.ActiveCfg = Release|Any CPU
		{F82D632E-AD3E-42BA-9377-627F259A85B7}.Release|Any CPU.Build.0 = Release|Any CPU
	EndGlobalSection
	GlobalSection(SolutionProperties) = preSolution
		HideSolutionNode = FALSE
	EndGlobalSection
	GlobalSection(ExtensibilityGlobals) = postSolution
		SolutionGuid = {95DE650B-CF48-4F34-B87A-7AB9E8972D0E}
	EndGlobalSection
EndGlobal
